
Microsoft Visual Studio Solution File, Format Version 12.00
# Visual Studio 15
VisualStudioVersion = 15.0.26403.7
MinimumVisualStudioVersion = 10.0.40219.1
Project("{FAE04EC0-301F-11D3-BF4B-00C04F79EFBC}") = "GMaster", "GMaster\GMaster.csproj", "{F361EA15-EF81-4B2D-9D9B-B32B4D174934}"
EndProject
Project("{FAE04EC0-301F-11D3-BF4B-00C04F79EFBC}") = "GMaster.Tests", "GMaster.Tests\GMaster.Tests.csproj", "{E47763B4-2DDD-445E-8F8E-A32AB1816DAE}"
EndProject
Project("{FAE04EC0-301F-11D3-BF4B-00C04F79EFBC}") = "Tools", "Tools\Tools.csproj", "{64D5F682-CCFC-4BCC-9268-DBC2A3E36B3C}"
EndProject
Project("{FAE04EC0-301F-11D3-BF4B-00C04F79EFBC}") = "Tools.Tests", "Tools.Tests\Tools.Tests.csproj", "{D9E969D8-E655-4E21-8A2F-FBA250F30D48}"
EndProject
Project("{FAE04EC0-301F-11D3-BF4B-00C04F79EFBC}") = "Core", "Core\Core.csproj", "{6FA17036-459D-4967-A31B-8E8C7264E497}"
EndProject
Project("{FAE04EC0-301F-11D3-BF4B-00C04F79EFBC}") = "Core.Tests", "Core.Tests\Core.Tests.csproj", "{3DC1817B-E178-47B3-A6A3-45FD2BEB868B}"
EndProject
Global
	GlobalSection(SolutionConfigurationPlatforms) = preSolution
		Debug|Any CPU = Debug|Any CPU
		Debug|ARM = Debug|ARM
		Debug|x64 = Debug|x64
		Debug|x86 = Debug|x86
		Release|Any CPU = Release|Any CPU
		Release|ARM = Release|ARM
		Release|x64 = Release|x64
		Release|x86 = Release|x86
	EndGlobalSection
	GlobalSection(ProjectConfigurationPlatforms) = postSolution
		{F361EA15-EF81-4B2D-9D9B-B32B4D174934}.Debug|Any CPU.ActiveCfg = Release|x86
		{F361EA15-EF81-4B2D-9D9B-B32B4D174934}.Debug|Any CPU.Build.0 = Release|x86
		{F361EA15-EF81-4B2D-9D9B-B32B4D174934}.Debug|Any CPU.Deploy.0 = Release|x86
		{F361EA15-EF81-4B2D-9D9B-B32B4D174934}.Debug|ARM.ActiveCfg = Debug|ARM
		{F361EA15-EF81-4B2D-9D9B-B32B4D174934}.Debug|ARM.Build.0 = Debug|ARM
		{F361EA15-EF81-4B2D-9D9B-B32B4D174934}.Debug|ARM.Deploy.0 = Debug|ARM
		{F361EA15-EF81-4B2D-9D9B-B32B4D174934}.Debug|x64.ActiveCfg = Debug|x64
		{F361EA15-EF81-4B2D-9D9B-B32B4D174934}.Debug|x64.Build.0 = Debug|x64
		{F361EA15-EF81-4B2D-9D9B-B32B4D174934}.Debug|x64.Deploy.0 = Debug|x64
		{F361EA15-EF81-4B2D-9D9B-B32B4D174934}.Debug|x86.ActiveCfg = Debug|x86
		{F361EA15-EF81-4B2D-9D9B-B32B4D174934}.Debug|x86.Build.0 = Debug|x86
		{F361EA15-EF81-4B2D-9D9B-B32B4D174934}.Debug|x86.Deploy.0 = Debug|x86
		{F361EA15-EF81-4B2D-9D9B-B32B4D174934}.Release|Any CPU.ActiveCfg = Release|x86
		{F361EA15-EF81-4B2D-9D9B-B32B4D174934}.Release|Any CPU.Build.0 = Release|x86
		{F361EA15-EF81-4B2D-9D9B-B32B4D174934}.Release|Any CPU.Deploy.0 = Release|x86
		{F361EA15-EF81-4B2D-9D9B-B32B4D174934}.Release|ARM.ActiveCfg = Release|ARM
		{F361EA15-EF81-4B2D-9D9B-B32B4D174934}.Release|ARM.Build.0 = Release|ARM
		{F361EA15-EF81-4B2D-9D9B-B32B4D174934}.Release|ARM.Deploy.0 = Release|ARM
		{F361EA15-EF81-4B2D-9D9B-B32B4D174934}.Release|x64.ActiveCfg = Release|x64
		{F361EA15-EF81-4B2D-9D9B-B32B4D174934}.Release|x64.Build.0 = Release|x64
		{F361EA15-EF81-4B2D-9D9B-B32B4D174934}.Release|x64.Deploy.0 = Release|x64
		{F361EA15-EF81-4B2D-9D9B-B32B4D174934}.Release|x86.ActiveCfg = Release|x86
		{F361EA15-EF81-4B2D-9D9B-B32B4D174934}.Release|x86.Build.0 = Release|x86
		{F361EA15-EF81-4B2D-9D9B-B32B4D174934}.Release|x86.Deploy.0 = Release|x86
		{E47763B4-2DDD-445E-8F8E-A32AB1816DAE}.Debug|Any CPU.ActiveCfg = Release|x86
		{E47763B4-2DDD-445E-8F8E-A32AB1816DAE}.Debug|ARM.ActiveCfg = Debug|ARM
		{E47763B4-2DDD-445E-8F8E-A32AB1816DAE}.Debug|x64.ActiveCfg = Debug|x64
		{E47763B4-2DDD-445E-8F8E-A32AB1816DAE}.Debug|x64.Build.0 = Debug|x64
		{E47763B4-2DDD-445E-8F8E-A32AB1816DAE}.Debug|x86.ActiveCfg = Debug|x86
		{E47763B4-2DDD-445E-8F8E-A32AB1816DAE}.Debug|x86.Build.0 = Debug|x86
		{E47763B4-2DDD-445E-8F8E-A32AB1816DAE}.Release|Any CPU.ActiveCfg = Release|x86
		{E47763B4-2DDD-445E-8F8E-A32AB1816DAE}.Release|ARM.ActiveCfg = Release|ARM
		{E47763B4-2DDD-445E-8F8E-A32AB1816DAE}.Release|x64.ActiveCfg = Release|x64
		{E47763B4-2DDD-445E-8F8E-A32AB1816DAE}.Release|x86.ActiveCfg = Release|x86
		{64D5F682-CCFC-4BCC-9268-DBC2A3E36B3C}.Debug|Any CPU.ActiveCfg = Release|x86
		{64D5F682-CCFC-4BCC-9268-DBC2A3E36B3C}.Debug|Any CPU.Build.0 = Release|x86
		{64D5F682-CCFC-4BCC-9268-DBC2A3E36B3C}.Debug|ARM.ActiveCfg = Debug|ARM
		{64D5F682-CCFC-4BCC-9268-DBC2A3E36B3C}.Debug|ARM.Build.0 = Debug|ARM
		{64D5F682-CCFC-4BCC-9268-DBC2A3E36B3C}.Debug|x64.ActiveCfg = Debug|x64
		{64D5F682-CCFC-4BCC-9268-DBC2A3E36B3C}.Debug|x64.Build.0 = Debug|x64
		{64D5F682-CCFC-4BCC-9268-DBC2A3E36B3C}.Debug|x86.ActiveCfg = Debug|x86
		{64D5F682-CCFC-4BCC-9268-DBC2A3E36B3C}.Debug|x86.Build.0 = Debug|x86
		{64D5F682-CCFC-4BCC-9268-DBC2A3E36B3C}.Release|Any CPU.ActiveCfg = Release|x86
		{64D5F682-CCFC-4BCC-9268-DBC2A3E36B3C}.Release|Any CPU.Build.0 = Release|x86
		{64D5F682-CCFC-4BCC-9268-DBC2A3E36B3C}.Release|ARM.ActiveCfg = Release|ARM
		{64D5F682-CCFC-4BCC-9268-DBC2A3E36B3C}.Release|ARM.Build.0 = Release|ARM
		{64D5F682-CCFC-4BCC-9268-DBC2A3E36B3C}.Release|x64.ActiveCfg = Release|x64
		{64D5F682-CCFC-4BCC-9268-DBC2A3E36B3C}.Release|x64.Build.0 = Release|x64
		{64D5F682-CCFC-4BCC-9268-DBC2A3E36B3C}.Release|x86.ActiveCfg = Release|x86
		{64D5F682-CCFC-4BCC-9268-DBC2A3E36B3C}.Release|x86.Build.0 = Release|x86
		{D9E969D8-E655-4E21-8A2F-FBA250F30D48}.Debug|Any CPU.ActiveCfg = Release|x86
		{D9E969D8-E655-4E21-8A2F-FBA250F30D48}.Debug|ARM.ActiveCfg = Debug|ARM
		{D9E969D8-E655-4E21-8A2F-FBA250F30D48}.Debug|x64.ActiveCfg = Debug|x64
		{D9E969D8-E655-4E21-8A2F-FBA250F30D48}.Debug|x64.Build.0 = Debug|x64
		{D9E969D8-E655-4E21-8A2F-FBA250F30D48}.Debug|x86.ActiveCfg = Debug|x86
		{D9E969D8-E655-4E21-8A2F-FBA250F30D48}.Debug|x86.Build.0 = Debug|x86
		{D9E969D8-E655-4E21-8A2F-FBA250F30D48}.Release|Any CPU.ActiveCfg = Release|x86
		{D9E969D8-E655-4E21-8A2F-FBA250F30D48}.Release|ARM.ActiveCfg = Release|ARM
		{D9E969D8-E655-4E21-8A2F-FBA250F30D48}.Release|x64.ActiveCfg = Release|x64
		{D9E969D8-E655-4E21-8A2F-FBA250F30D48}.Release|x86.ActiveCfg = Release|x86
		{6FA17036-459D-4967-A31B-8E8C7264E497}.Debug|Any CPU.ActiveCfg = Debug|Any CPU
		{6FA17036-459D-4967-A31B-8E8C7264E497}.Debug|Any CPU.Build.0 = Debug|Any CPU
		{6FA17036-459D-4967-A31B-8E8C7264E497}.Debug|ARM.ActiveCfg = Debug|Any CPU
		{6FA17036-459D-4967-A31B-8E8C7264E497}.Debug|ARM.Build.0 = Debug|Any CPU
		{6FA17036-459D-4967-A31B-8E8C7264E497}.Debug|x64.ActiveCfg = Debug|Any CPU
		{6FA17036-459D-4967-A31B-8E8C7264E497}.Debug|x64.Build.0 = Debug|Any CPU
		{6FA17036-459D-4967-A31B-8E8C7264E497}.Debug|x86.ActiveCfg = Debug|Any CPU
		{6FA17036-459D-4967-A31B-8E8C7264E497}.Debug|x86.Build.0 = Debug|Any CPU
		{6FA17036-459D-4967-A31B-8E8C7264E497}.Release|Any CPU.ActiveCfg = Release|Any CPU
		{6FA17036-459D-4967-A31B-8E8C7264E497}.Release|Any CPU.Build.0 = Release|Any CPU
		{6FA17036-459D-4967-A31B-8E8C7264E497}.Release|ARM.ActiveCfg = Release|Any CPU
		{6FA17036-459D-4967-A31B-8E8C7264E497}.Release|ARM.Build.0 = Release|Any CPU
		{6FA17036-459D-4967-A31B-8E8C7264E497}.Release|x64.ActiveCfg = Release|Any CPU
		{6FA17036-459D-4967-A31B-8E8C7264E497}.Release|x64.Build.0 = Release|Any CPU
		{6FA17036-459D-4967-A31B-8E8C7264E497}.Release|x86.ActiveCfg = Release|Any CPU
		{6FA17036-459D-4967-A31B-8E8C7264E497}.Release|x86.Build.0 = Release|Any CPU
		{3DC1817B-E178-47B3-A6A3-45FD2BEB868B}.Debug|Any CPU.ActiveCfg = Debug|Any CPU
		{3DC1817B-E178-47B3-A6A3-45FD2BEB868B}.Debug|Any CPU.Build.0 = Debug|Any CPU
		{3DC1817B-E178-47B3-A6A3-45FD2BEB868B}.Debug|ARM.ActiveCfg = Debug|Any CPU
		{3DC1817B-E178-47B3-A6A3-45FD2BEB868B}.Debug|ARM.Build.0 = Debug|Any CPU
		{3DC1817B-E178-47B3-A6A3-45FD2BEB868B}.Debug|x64.ActiveCfg = Debug|Any CPU
		{3DC1817B-E178-47B3-A6A3-45FD2BEB868B}.Debug|x64.Build.0 = Debug|Any CPU
		{3DC1817B-E178-47B3-A6A3-45FD2BEB868B}.Debug|x86.ActiveCfg = Debug|Any CPU
		{3DC1817B-E178-47B3-A6A3-45FD2BEB868B}.Debug|x86.Build.0 = Debug|Any CPU
		{3DC1817B-E178-47B3-A6A3-45FD2BEB868B}.Release|Any CPU.ActiveCfg = Release|Any CPU
		{3DC1817B-E178-47B3-A6A3-45FD2BEB868B}.Release|Any CPU.Build.0 = Release|Any CPU
		{3DC1817B-E178-47B3-A6A3-45FD2BEB868B}.Release|ARM.ActiveCfg = Release|Any CPU
		{3DC1817B-E178-47B3-A6A3-45FD2BEB868B}.Release|ARM.Build.0 = Release|Any CPU
		{3DC1817B-E178-47B3-A6A3-45FD2BEB868B}.Release|x64.ActiveCfg = Release|Any CPU
		{3DC1817B-E178-47B3-A6A3-45FD2BEB868B}.Release|x64.Build.0 = Release|Any CPU
		{3DC1817B-E178-47B3-A6A3-45FD2BEB868B}.Release|x86.ActiveCfg = Release|Any CPU
		{3DC1817B-E178-47B3-A6A3-45FD2BEB868B}.Release|x86.Build.0 = Release|Any CPU
	EndGlobalSection
	GlobalSection(SolutionProperties) = preSolution
		HideSolutionNode = FALSE
	EndGlobalSection
EndGlobal
